{
  "name": "server",
  "version": "1.0.0",
  "lockfileVersion": 3,
  "requires": true,
  "packages": {
    "": {
      "name": "server",
      "version": "1.0.0",
      "license": "ISC",
      "dependencies": {
        "@envelop/graphql-middleware": "^8.0.0",
        "graphql": "^16.11.0",
        "graphql-middleware": "^6.1.35",
        "graphql-yoga": "^5.13.5",
        "lodash": "^4.17.21"
      }
    },
    "node_modules/@envelop/core": {
      "version": "5.3.0",
      "resolved": "https://registry.npmjs.org/@envelop/core/-/core-5.3.0.tgz",
      "integrity": "sha512-xvUkOWXI8JsG2OOnqiI2tOkEc52wbmIqWORr7yGc8B8E53Oh1MMGGGck4mbR80s25LnHVzfNIiIlNkuDgZRuuA==",
      "license": "MIT",
      "dependencies": {
        "@envelop/instrumentation": "^1.0.0",
        "@envelop/types": "^5.2.1",
        "@whatwg-node/promise-helpers": "^1.2.4",
        "tslib": "^2.5.0"
      },
      "engines": {
        "node": ">=18.0.0"
      }
    },
    "node_modules/@envelop/graphql-middleware": {
      "version": "8.0.0",
      "resolved": "https://registry.npmjs.org/@envelop/graphql-middleware/-/graphql-middleware-8.0.0.tgz",
      "integrity": "sha512-LgmqqOff2VANsU5KoFK3cglnagaTEbmrLMpgghrG8FHCLbS+CAzd5zy8AI0BRzN/Z5jP/CX41wPuwoqNRBwYPQ==",
      "license": "MIT",
      "dependencies": {
        "tslib": "^2.5.0"
      },
      "engines": {
        "node": ">=18.0.0"
      },
      "peerDependencies": {
        "@envelop/core": "^5.3.0",
        "graphql": "^14.0.0 || ^15.0.0 || ^16.0.0",
        "graphql-middleware": "^6.0.0"
      }
    },
    "node_modules/@envelop/instrumentation": {
      "version": "1.0.0",
      "resolved": "https://registry.npmjs.org/@envelop/instrumentation/-/instrumentation-1.0.0.tgz",
      "integrity": "sha512-cxgkB66RQB95H3X27jlnxCRNTmPuSTgmBAq6/4n2Dtv4hsk4yz8FadA1ggmd0uZzvKqWD6CR+WFgTjhDqg7eyw==",
      "license": "MIT",
      "dependencies": {
        "@whatwg-node/promise-helpers": "^1.2.1",
        "tslib": "^2.5.0"
      },
      "engines": {
        "node": ">=18.0.0"
      }
    },
    "node_modules/@envelop/types": {
      "version": "5.2.1",
      "resolved": "https://registry.npmjs.org/@envelop/types/-/types-5.2.1.tgz",
      "integrity": "sha512-CsFmA3u3c2QoLDTfEpGr4t25fjMU31nyvse7IzWTvb0ZycuPjMjb0fjlheh+PbhBYb9YLugnT2uY6Mwcg1o+Zg==",
      "license": "MIT",
      "dependencies": {
        "@whatwg-node/promise-helpers": "^1.0.0",
        "tslib": "^2.5.0"
      },
      "engines": {
        "node": ">=18.0.0"
      }
    },
    "node_modules/@fastify/busboy": {
      "version": "3.1.1",
      "resolved": "https://registry.npmjs.org/@fastify/busboy/-/busboy-3.1.1.tgz",
      "integrity": "sha512-5DGmA8FTdB2XbDeEwc/5ZXBl6UbBAyBOOLlPuBnZ/N1SwdH9Ii+cOX3tBROlDgcTXxjOYnLMVoKk9+FXAw0CJw==",
      "license": "MIT"
    },
    "node_modules/@graphql-tools/batch-execute": {
      "version": "8.5.1",
      "resolved": "https://registry.npmjs.org/@graphql-tools/batch-execute/-/batch-execute-8.5.1.tgz",
      "integrity": "sha512-hRVDduX0UDEneVyEWtc2nu5H2PxpfSfM/riUlgZvo/a/nG475uyehxR5cFGvTEPEQUKY3vGIlqvtRigzqTfCew==",
      "license": "MIT",
      "dependencies": {
        "@graphql-tools/utils": "8.9.0",
        "dataloader": "2.1.0",
        "tslib": "^2.4.0",
        "value-or-promise": "1.0.11"
      },
      "peerDependencies": {
        "graphql": "^14.0.0 || ^15.0.0 || ^16.0.0 || ^17.0.0"
      }
    },
    "node_modules/@graphql-tools/batch-execute/node_modules/@graphql-tools/utils": {
      "version": "8.9.0",
      "resolved": "https://registry.npmjs.org/@graphql-tools/utils/-/utils-8.9.0.tgz",
      "integrity": "sha512-pjJIWH0XOVnYGXCqej8g/u/tsfV4LvLlj0eATKQu5zwnxd/TiTHq7Cg313qUPTFFHZ3PP5wJ15chYVtLDwaymg==",
      "license": "MIT",
      "dependencies": {
        "tslib": "^2.4.0"
      },
      "peerDependencies": {
        "graphql": "^14.0.0 || ^15.0.0 || ^16.0.0 || ^17.0.0"
      }
    },
    "node_modules/@graphql-tools/delegate": {
      "version": "8.8.1",
      "resolved": "https://registry.npmjs.org/@graphql-tools/delegate/-/delegate-8.8.1.tgz",
      "integrity": "sha512-NDcg3GEQmdEHlnF7QS8b4lM1PSF+DKeFcIlLEfZFBvVq84791UtJcDj8734sIHLukmyuAxXMfA1qLd2l4lZqzA==",
      "license": "MIT",
      "dependencies": {
        "@graphql-tools/batch-execute": "8.5.1",
        "@graphql-tools/schema": "8.5.1",
        "@graphql-tools/utils": "8.9.0",
        "dataloader": "2.1.0",
        "tslib": "~2.4.0",
        "value-or-promise": "1.0.11"
      },
      "peerDependencies": {
        "graphql": "^14.0.0 || ^15.0.0 || ^16.0.0 || ^17.0.0"
      }
    },
    "node_modules/@graphql-tools/delegate/node_modules/@graphql-tools/merge": {
      "version": "8.3.1",
      "resolved": "https://registry.npmjs.org/@graphql-tools/merge/-/merge-8.3.1.tgz",
      "integrity": "sha512-BMm99mqdNZbEYeTPK3it9r9S6rsZsQKtlqJsSBknAclXq2pGEfOxjcIZi+kBSkHZKPKCRrYDd5vY0+rUmIHVLg==",
      "license": "MIT",
      "dependencies": {
        "@graphql-tools/utils": "8.9.0",
        "tslib": "^2.4.0"
      },
      "peerDependencies": {
        "graphql": "^14.0.0 || ^15.0.0 || ^16.0.0 || ^17.0.0"
      }
    },
    "node_modules/@graphql-tools/delegate/node_modules/@graphql-tools/schema": {
      "version": "8.5.1",
      "resolved": "https://registry.npmjs.org/@graphql-tools/schema/-/schema-8.5.1.tgz",
      "integrity": "sha512-0Esilsh0P/qYcB5DKQpiKeQs/jevzIadNTaT0jeWklPMwNbT7yMX4EqZany7mbeRRlSRwMzNzL5olyFdffHBZg==",
      "license": "MIT",
      "dependencies": {
        "@graphql-tools/merge": "8.3.1",
        "@graphql-tools/utils": "8.9.0",
        "tslib": "^2.4.0",
        "value-or-promise": "1.0.11"
      },
      "peerDependencies": {
        "graphql": "^14.0.0 || ^15.0.0 || ^16.0.0 || ^17.0.0"
      }
    },
    "node_modules/@graphql-tools/delegate/node_modules/@graphql-tools/utils": {
      "version": "8.9.0",
      "resolved": "https://registry.npmjs.org/@graphql-tools/utils/-/utils-8.9.0.tgz",
      "integrity": "sha512-pjJIWH0XOVnYGXCqej8g/u/tsfV4LvLlj0eATKQu5zwnxd/TiTHq7Cg313qUPTFFHZ3PP5wJ15chYVtLDwaymg==",
      "license": "MIT",
      "dependencies": {
        "tslib": "^2.4.0"
      },
      "peerDependencies": {
        "graphql": "^14.0.0 || ^15.0.0 || ^16.0.0 || ^17.0.0"
      }
    },
    "node_modules/@graphql-tools/delegate/node_modules/tslib": {
      "version": "2.4.1",
      "resolved": "https://registry.npmjs.org/tslib/-/tslib-2.4.1.tgz",
      "integrity": "sha512-tGyy4dAjRIEwI7BzsB0lynWgOpfqjUdq91XXAlIWD2OwKBH7oCl/GZG/HT4BOHrTlPMOASlMQ7veyTqpmRcrNA==",
      "license": "0BSD"
    },
    "node_modules/@graphql-tools/executor": {
      "version": "1.4.7",
      "resolved": "https://registry.npmjs.org/@graphql-tools/executor/-/executor-1.4.7.tgz",
      "integrity": "sha512-U0nK9jzJRP9/9Izf1+0Gggd6K6RNRsheFo1gC/VWzfnsr0qjcOSS9qTjY0OTC5iTPt4tQ+W5Zpw/uc7mebI6aA==",
      "license": "MIT",
      "dependencies": {
        "@graphql-tools/utils": "^10.8.6",
        "@graphql-typed-document-node/core": "^3.2.0",
        "@repeaterjs/repeater": "^3.0.4",
        "@whatwg-node/disposablestack": "^0.0.6",
        "@whatwg-node/promise-helpers": "^1.0.0",
        "tslib": "^2.4.0"
      },
      "engines": {
        "node": ">=16.0.0"
      },
      "peerDependencies": {
        "graphql": "^14.0.0 || ^15.0.0 || ^16.0.0 || ^17.0.0"
      }
    },
    "node_modules/@graphql-tools/merge": {
      "version": "9.0.24",
      "resolved": "https://registry.npmjs.org/@graphql-tools/merge/-/merge-9.0.24.tgz",
      "integrity": "sha512-NzWx/Afl/1qHT3Nm1bghGG2l4jub28AdvtG11PoUlmjcIjnFBJMv4vqL0qnxWe8A82peWo4/TkVdjJRLXwgGEw==",
      "license": "MIT",
      "dependencies": {
        "@graphql-tools/utils": "^10.8.6",
        "tslib": "^2.4.0"
      },
      "engines": {
        "node": ">=16.0.0"
      },
      "peerDependencies": {
        "graphql": "^14.0.0 || ^15.0.0 || ^16.0.0 || ^17.0.0"
      }
    },
    "node_modules/@graphql-tools/schema": {
      "version": "10.0.23",
      "resolved": "https://registry.npmjs.org/@graphql-tools/schema/-/schema-10.0.23.tgz",
      "integrity": "sha512-aEGVpd1PCuGEwqTXCStpEkmheTHNdMayiIKH1xDWqYp9i8yKv9FRDgkGrY4RD8TNxnf7iII+6KOBGaJ3ygH95A==",
      "license": "MIT",
      "dependencies": {
        "@graphql-tools/merge": "^9.0.24",
        "@graphql-tools/utils": "^10.8.6",
        "tslib": "^2.4.0"
      },
      "engines": {
        "node": ">=16.0.0"
      },
      "peerDependencies": {
        "graphql": "^14.0.0 || ^15.0.0 || ^16.0.0 || ^17.0.0"
      }
    },
    "node_modules/@graphql-tools/utils": {
      "version": "10.8.6",
      "resolved": "https://registry.npmjs.org/@graphql-tools/utils/-/utils-10.8.6.tgz",
      "integrity": "sha512-Alc9Vyg0oOsGhRapfL3xvqh1zV8nKoFUdtLhXX7Ki4nClaIJXckrA86j+uxEuG3ic6j4jlM1nvcWXRn/71AVLQ==",
      "license": "MIT",
      "dependencies": {
        "@graphql-typed-document-node/core": "^3.1.1",
        "@whatwg-node/promise-helpers": "^1.0.0",
        "cross-inspect": "1.0.1",
        "dset": "^3.1.4",
        "tslib": "^2.4.0"
      },
      "engines": {
        "node": ">=16.0.0"
      },
      "peerDependencies": {
        "graphql": "^14.0.0 || ^15.0.0 || ^16.0.0 || ^17.0.0"
      }
    },
    "node_modules/@graphql-typed-document-node/core": {
      "version": "3.2.0",
      "resolved": "https://registry.npmjs.org/@graphql-typed-document-node/core/-/core-3.2.0.tgz",
      "integrity": "sha512-mB9oAsNCm9aM3/SOv4YtBMqZbYj10R7dkq8byBqxGY/ncFwhf2oQzMV+LCRlWoDSEBJ3COiR1yeDvMtsoOsuFQ==",
      "license": "MIT",
      "peerDependencies": {
        "graphql": "^0.8.0 || ^0.9.0 || ^0.10.0 || ^0.11.0 || ^0.12.0 || ^0.13.0 || ^14.0.0 || ^15.0.0 || ^16.0.0 || ^17.0.0"
      }
    },
    "node_modules/@graphql-yoga/logger": {
      "version": "2.0.1",
      "resolved": "https://registry.npmjs.org/@graphql-yoga/logger/-/logger-2.0.1.tgz",
      "integrity": "sha512-Nv0BoDGLMg9QBKy9cIswQ3/6aKaKjlTh87x3GiBg2Z4RrjyrM48DvOOK0pJh1C1At+b0mUIM67cwZcFTDLN4sA==",
      "license": "MIT",
      "dependencies": {
        "tslib": "^2.8.1"
      },
      "engines": {
        "node": ">=18.0.0"
      }
    },
    "node_modules/@graphql-yoga/subscription": {
      "version": "5.0.5",
      "resolved": "https://registry.npmjs.org/@graphql-yoga/subscription/-/subscription-5.0.5.tgz",
      "integrity": "sha512-oCMWOqFs6QV96/NZRt/ZhTQvzjkGB4YohBOpKM4jH/lDT4qb7Lex/aGCxpi/JD9njw3zBBtMqxbaC22+tFHVvw==",
      "license": "MIT",
      "dependencies": {
        "@graphql-yoga/typed-event-target": "^3.0.2",
        "@repeaterjs/repeater": "^3.0.4",
        "@whatwg-node/events": "^0.1.0",
        "tslib": "^2.8.1"
      },
      "engines": {
        "node": ">=18.0.0"
      }
    },
    "node_modules/@graphql-yoga/typed-event-target": {
      "version": "3.0.2",
      "resolved": "https://registry.npmjs.org/@graphql-yoga/typed-event-target/-/typed-event-target-3.0.2.tgz",
      "integrity": "sha512-ZpJxMqB+Qfe3rp6uszCQoag4nSw42icURnBRfFYSOmTgEeOe4rD0vYlbA8spvCu2TlCesNTlEN9BLWtQqLxabA==",
      "license": "MIT",
      "dependencies": {
        "@repeaterjs/repeater": "^3.0.4",
        "tslib": "^2.8.1"
      },
      "engines": {
        "node": ">=18.0.0"
      }
    },
    "node_modules/@repeaterjs/repeater": {
      "version": "3.0.6",
      "resolved": "https://registry.npmjs.org/@repeaterjs/repeater/-/repeater-3.0.6.tgz",
      "integrity": "sha512-Javneu5lsuhwNCryN+pXH93VPQ8g0dBX7wItHFgYiwQmzE1sVdg5tWHiOgHywzL2W21XQopa7IwIEnNbmeUJYA==",
      "license": "MIT"
    },
    "node_modules/@whatwg-node/disposablestack": {
      "version": "0.0.6",
      "resolved": "https://registry.npmjs.org/@whatwg-node/disposablestack/-/disposablestack-0.0.6.tgz",
      "integrity": "sha512-LOtTn+JgJvX8WfBVJtF08TGrdjuFzGJc4mkP8EdDI8ADbvO7kiexYep1o8dwnt0okb0jYclCDXF13xU7Ge4zSw==",
      "license": "MIT",
      "dependencies": {
        "@whatwg-node/promise-helpers": "^1.0.0",
        "tslib": "^2.6.3"
      },
      "engines": {
        "node": ">=18.0.0"
      }
    },
    "node_modules/@whatwg-node/events": {
      "version": "0.1.2",
      "resolved": "https://registry.npmjs.org/@whatwg-node/events/-/events-0.1.2.tgz",
      "integrity": "sha512-ApcWxkrs1WmEMS2CaLLFUEem/49erT3sxIVjpzU5f6zmVcnijtDSrhoK2zVobOIikZJdH63jdAXOrvjf6eOUNQ==",
      "license": "MIT",
      "dependencies": {
        "tslib": "^2.6.3"
      },
      "engines": {
        "node": ">=18.0.0"
      }
    },
    "node_modules/@whatwg-node/fetch": {
      "version": "0.10.8",
      "resolved": "https://registry.npmjs.org/@whatwg-node/fetch/-/fetch-0.10.8.tgz",
      "integrity": "sha512-Rw9z3ctmeEj8QIB9MavkNJqekiu9usBCSMZa+uuAvM0lF3v70oQVCXNppMIqaV6OTZbdaHF1M2HLow58DEw+wg==",
      "license": "MIT",
      "dependencies": {
        "@whatwg-node/node-fetch": "^0.7.21",
        "urlpattern-polyfill": "^10.0.0"
      },
      "engines": {
        "node": ">=18.0.0"
      }
    },
    "node_modules/@whatwg-node/node-fetch": {
      "version": "0.7.21",
      "resolved": "https://registry.npmjs.org/@whatwg-node/node-fetch/-/node-fetch-0.7.21.tgz",
      "integrity": "sha512-QC16IdsEyIW7kZd77aodrMO7zAoDyyqRCTLg+qG4wqtP4JV9AA+p7/lgqMdD29XyiYdVvIdFrfI9yh7B1QvRvw==",
      "license": "MIT",
      "dependencies": {
        "@fastify/busboy": "^3.1.1",
        "@whatwg-node/disposablestack": "^0.0.6",
        "@whatwg-node/promise-helpers": "^1.3.2",
        "tslib": "^2.6.3"
      },
      "engines": {
        "node": ">=18.0.0"
      }
    },
    "node_modules/@whatwg-node/promise-helpers": {
      "version": "1.3.2",
      "resolved": "https://registry.npmjs.org/@whatwg-node/promise-helpers/-/promise-helpers-1.3.2.tgz",
      "integrity": "sha512-Nst5JdK47VIl9UcGwtv2Rcgyn5lWtZ0/mhRQ4G8NN2isxpq2TO30iqHzmwoJycjWuyUfg3GFXqP/gFHXeV57IA==",
      "license": "MIT",
      "dependencies": {
        "tslib": "^2.6.3"
      },
      "engines": {
        "node": ">=16.0.0"
      }
    },
    "node_modules/@whatwg-node/server": {
      "version": "0.10.10",
      "resolved": "https://registry.npmjs.org/@whatwg-node/server/-/server-0.10.10.tgz",
      "integrity": "sha512-GwpdMgUmwIp0jGjP535YtViP/nnmETAyHpGPWPZKdX++Qht/tSLbGXgFUMSsQvEACmZAR1lAPNu2CnYL1HpBgg==",
      "license": "MIT",
      "dependencies": {
        "@envelop/instrumentation": "^1.0.0",
        "@whatwg-node/disposablestack": "^0.0.6",
        "@whatwg-node/fetch": "^0.10.8",
        "@whatwg-node/promise-helpers": "^1.3.2",
        "tslib": "^2.6.3"
      },
      "engines": {
        "node": ">=18.0.0"
      }
    },
    "node_modules/cross-inspect": {
      "version": "1.0.1",
      "resolved": "https://registry.npmjs.org/cross-inspect/-/cross-inspect-1.0.1.tgz",
      "integrity": "sha512-Pcw1JTvZLSJH83iiGWt6fRcT+BjZlCDRVwYLbUcHzv/CRpB7r0MlSrGbIyQvVSNyGnbt7G4AXuyCiDR3POvZ1A==",
      "license": "MIT",
      "dependencies": {
        "tslib": "^2.4.0"
      },
      "engines": {
        "node": ">=16.0.0"
      }
    },
    "node_modules/dataloader": {
      "version": "2.1.0",
      "resolved": "https://registry.npmjs.org/dataloader/-/dataloader-2.1.0.tgz",
      "integrity": "sha512-qTcEYLen3r7ojZNgVUaRggOI+KM7jrKxXeSHhogh/TWxYMeONEMqY+hmkobiYQozsGIyg9OYVzO4ZIfoB4I0pQ==",
      "license": "MIT"
    },
    "node_modules/dset": {
      "version": "3.1.4",
      "resolved": "https://registry.npmjs.org/dset/-/dset-3.1.4.tgz",
      "integrity": "sha512-2QF/g9/zTaPDc3BjNcVTGoBbXBgYfMTTceLaYcFJ/W9kggFUkhxD/hMEeuLKbugyef9SqAx8cpgwlIP/jinUTA==",
      "license": "MIT",
      "engines": {
        "node": ">=4"
      }
    },
    "node_modules/graphql": {
      "version": "16.11.0",
      "resolved": "https://registry.npmjs.org/graphql/-/graphql-16.11.0.tgz",
      "integrity": "sha512-mS1lbMsxgQj6hge1XZ6p7GPhbrtFwUFYi3wRzXAC/FmYnyXMTvvI3td3rjmQ2u8ewXueaSvRPWaEcgVVOT9Jnw==",
      "license": "MIT",
      "engines": {
        "node": "^12.22.0 || ^14.16.0 || ^16.0.0 || >=17.0.0"
      }
    },
    "node_modules/graphql-middleware": {
      "version": "6.1.35",
      "resolved": "https://registry.npmjs.org/graphql-middleware/-/graphql-middleware-6.1.35.tgz",
      "integrity": "sha512-azawK7ApUYtcuPGRGBR9vDZu795pRuaFhO5fgomdJppdfKRt7jwncuh0b7+D3i574/4B+16CNWgVpnGVlg3ZCg==",
      "license": "MIT",
      "dependencies": {
        "@graphql-tools/delegate": "^8.8.1",
        "@graphql-tools/schema": "^8.5.1"
      },
      "peerDependencies": {
        "graphql": "^0.12.0 || ^0.13.0 || ^14.0.0 || ^15.0.0 || ^16.0.0"
      }
    },
    "node_modules/graphql-middleware/node_modules/@graphql-tools/merge": {
      "version": "8.3.1",
      "resolved": "https://registry.npmjs.org/@graphql-tools/merge/-/merge-8.3.1.tgz",
      "integrity": "sha512-BMm99mqdNZbEYeTPK3it9r9S6rsZsQKtlqJsSBknAclXq2pGEfOxjcIZi+kBSkHZKPKCRrYDd5vY0+rUmIHVLg==",
      "license": "MIT",
      "dependencies": {
        "@graphql-tools/utils": "8.9.0",
        "tslib": "^2.4.0"
      },
      "peerDependencies": {
        "graphql": "^14.0.0 || ^15.0.0 || ^16.0.0 || ^17.0.0"
      }
    },
    "node_modules/graphql-middleware/node_modules/@graphql-tools/schema": {
      "version": "8.5.1",
      "resolved": "https://registry.npmjs.org/@graphql-tools/schema/-/schema-8.5.1.tgz",
      "integrity": "sha512-0Esilsh0P/qYcB5DKQpiKeQs/jevzIadNTaT0jeWklPMwNbT7yMX4EqZany7mbeRRlSRwMzNzL5olyFdffHBZg==",
      "license": "MIT",
      "dependencies": {
        "@graphql-tools/merge": "8.3.1",
        "@graphql-tools/utils": "8.9.0",
        "tslib": "^2.4.0",
        "value-or-promise": "1.0.11"
      },
      "peerDependencies": {
        "graphql": "^14.0.0 || ^15.0.0 || ^16.0.0 || ^17.0.0"
      }
    },
    "node_modules/graphql-middleware/node_modules/@graphql-tools/utils": {
      "version": "8.9.0",
      "resolved": "https://registry.npmjs.org/@graphql-tools/utils/-/utils-8.9.0.tgz",
      "integrity": "sha512-pjJIWH0XOVnYGXCqej8g/u/tsfV4LvLlj0eATKQu5zwnxd/TiTHq7Cg313qUPTFFHZ3PP5wJ15chYVtLDwaymg==",
      "license": "MIT",
      "dependencies": {
        "tslib": "^2.4.0"
      },
      "peerDependencies": {
        "graphql": "^14.0.0 || ^15.0.0 || ^16.0.0 || ^17.0.0"
      }
    },
    "node_modules/graphql-yoga": {
      "version": "5.13.5",
      "resolved": "https://registry.npmjs.org/graphql-yoga/-/graphql-yoga-5.13.5.tgz",
      "integrity": "sha512-a0DxeXr2oazOlnh8i+By8EM8QJPIG9OcI/nB6K//paM6fjv97WTYgXd57r0Ni0yOm6ts+y1yYL5IG90N4UWFmQ==",
      "license": "MIT",
      "dependencies": {
        "@envelop/core": "^5.2.3",
        "@envelop/instrumentation": "^1.0.0",
        "@graphql-tools/executor": "^1.4.0",
        "@graphql-tools/schema": "^10.0.11",
        "@graphql-tools/utils": "^10.6.2",
        "@graphql-yoga/logger": "^2.0.1",
        "@graphql-yoga/subscription": "^5.0.5",
        "@whatwg-node/fetch": "^0.10.6",
        "@whatwg-node/promise-helpers": "^1.2.4",
        "@whatwg-node/server": "^0.10.5",
        "dset": "^3.1.4",
        "lru-cache": "^10.0.0",
        "tslib": "^2.8.1"
      },
      "engines": {
        "node": ">=18.0.0"
      },
      "peerDependencies": {
        "graphql": "^15.2.0 || ^16.0.0"
      }
    },
    "node_modules/lodash": {
      "version": "4.17.21",
      "resolved": "https://registry.npmjs.org/lodash/-/lodash-4.17.21.tgz",
      "integrity": "sha512-v2kDEe57lecTulaDIuNTPy3Ry4gLGJ6Z1O3vE1krgXZNrsQ+LFTGHVxVjcXPs17LhbZVGedAJv8XZ1tvj5FvSg==",
      "license": "MIT"
    },
    "node_modules/lru-cache": {
      "version": "10.4.3",
      "resolved": "https://registry.npmjs.org/lru-cache/-/lru-cache-10.4.3.tgz",
      "integrity": "sha512-JNAzZcXrCt42VGLuYz0zfAzDfAvJWW6AfYlDBQyDV5DClI2m5sAmK+OIO7s59XfsRsWHp02jAJrRadPRGTt6SQ==",
      "license": "ISC"
    },
    "node_modules/tslib": {
      "version": "2.8.1",
      "resolved": "https://registry.npmjs.org/tslib/-/tslib-2.8.1.tgz",
      "integrity": "sha512-oJFu94HQb+KVduSUQL7wnpmqnfmLsOA/nAh6b6EH0wCEoK0/mPeXU6c3wKDV83MkOuHPRHtSXKKU99IBazS/2w==",
      "license": "0BSD"
    },
    "node_modules/urlpattern-polyfill": {
      "version": "10.1.0",
      "resolved": "https://registry.npmjs.org/urlpattern-polyfill/-/urlpattern-polyfill-10.1.0.tgz",
      "integrity": "sha512-IGjKp/o0NL3Bso1PymYURCJxMPNAf/ILOpendP9f5B6e1rTJgdgiOvgfoT8VxCAdY+Wisb9uhGaJJf3yZ2V9nw==",
      "license": "MIT"
    },
    "node_modules/value-or-promise": {
      "version": "1.0.11",
      "resolved": "https://registry.npmjs.org/value-or-promise/-/value-or-promise-1.0.11.tgz",
      "integrity": "sha512-41BrgH+dIbCFXClcSapVs5M6GkENd3gQOJpEfPDNa71LsUGMXDL0jMWpI/Rh7WhX+Aalfz2TTS3Zt5pUsbnhLg==",
      "license": "MIT",
      "engines": {
        "node": ">=12"
      }
    }
  }
}
